{
  "nodes": {
    "nixpkgs": {
      "locked": {
        "lastModified": 1768253994,
        "narHash": "sha256-YVGOT0DrH5IufnLqTHIOzccPwmYf5lpqi6mXulIQOQA=",
        "owner": "NixOS",
        "repo": "nixpkgs",
        "rev": "133716eec7858efaeb830734a081af209c5df6a9",
        "type": "github"
      },
      "original": {
        "owner": "NixOS",
        "ref": "release-25.11",
        "repo": "nixpkgs",
        "type": "github"
      }
    },
    "root": {
      "inputs": {
        "nixpkgs": "nixpkgs"
      }
    }
  },
  "root": "root",
  "version": 7
}
