{
  "nodes": {
    "nixpkgs": {
      "locked": {
        "lastModified": 1791319752,
        "narHash": "sha256-yMyk2BksI49LQReGkXtjj6puvi2Dgg21dqUNlmhuDhs=",
        "owner": "NixOS",
        "repo": "nixpkgs",
        "rev": "02888832ed4b0d047728e8b310ca94bf47a603a0",
        "type": "github"
      },
      "original": {
        "owner": "NixOS",
        "ref": "release-26.05",
        "repo": "nixpkgs",
        "type": "github"
      }
    },
    "root": {
      "inputs": {
        "nixpkgs": "nixpkgs"
      }
    }
  },
  "root": "root",
  "version": 7
}
